
Microsoft Visual Studio Solution File, Format Version 12.00
# Visual Studio Version 17
VisualStudioVersion = 17.14.36518.9
MinimumVisualStudioVersion = 10.0.40219.1
Project("{FAE04EC0-301F-11D3-BF4B-00C04F79EFBC}") = "2-Mang", "2-Mang\2-Mang.csproj", "{AD270F79-3C49-46F9-92F7-42ACDAFDC8C1}"
EndProject
Project("{FAE04EC0-301F-11D3-BF4B-00C04F79EFBC}") = "BaiTapArray1", "BaiTapArray1\BaiTapArray1.csproj", "{473A1A27-4E22-43DD-B13B-45CC0B8F3782}"
EndProject
Global
	GlobalSection(SolutionConfigurationPlatforms) = preSolution
		Debug|Any CPU = Debug|Any CPU
		Release|Any CPU = Release|Any CPU
	EndGlobalSection
	GlobalSection(ProjectConfigurationPlatforms) = postSolution
		{AD270F79-3C49-46F9-92F7-42ACDAFDC8C1}.Debug|Any CPU.ActiveCfg = Debug|Any CPU
		{AD270F79-3C49-46F9-92F7-42ACDAFDC8C1}.Debug|Any CPU.Build.0 = Debug|Any CPU
		{AD270F79-3C49-46F9-92F7-42ACDAFDC8C1}.Release|Any CPU.ActiveCfg = Release|Any CPU
		{AD270F79-3C49-46F9-92F7-42ACDAFDC8C1}.Release|Any CPU.Build.0 = Release|Any CPU
		{473A1A27-4E22-43DD-B13B-45CC0B8F3782}.Debug|Any CPU.ActiveCfg = Debug|Any CPU
		{473A1A27-4E22-43DD-B13B-45CC0B8F3782}.Debug|Any CPU.Build.0 = Debug|Any CPU
		{473A1A27-4E22-43DD-B13B-45CC0B8F3782}.Release|Any CPU.ActiveCfg = Release|Any CPU
		{473A1A27-4E22-43DD-B13B-45CC0B8F3782}.Release|Any CPU.Build.0 = Release|Any CPU
	EndGlobalSection
	GlobalSection(SolutionProperties) = preSolution
		HideSolutionNode = FALSE
	EndGlobalSection
	GlobalSection(ExtensibilityGlobals) = postSolution
		SolutionGuid = {F042A9B1-F75F-459D-9B5F-96A38F71EF23}
	EndGlobalSection
EndGlobal
